
Microsoft Visual Studio Solution File, Format Version 12.00
# Visual Studio Version 17
VisualStudioVersion = 17.8.34316.72
MinimumVisualStudioVersion = 10.0.40219.1
Project("{FAE04EC0-301F-11D3-BF4B-00C04F79EFBC}") = "Aula08_Win_Forms_NETFrameWork", "Aula08_Win_Forms_NETFrameWork.csproj", "{56A232B2-A471-4920-B6FD-377162CDBF3A}"
EndProject
Global
	GlobalSection(SolutionConfigurationPlatforms) = preSolution
		Debug|Any CPU = Debug|Any CPU
		Release|Any CPU = Release|Any CPU
	EndGlobalSection
	GlobalSection(ProjectConfigurationPlatforms) = postSolution
		{56A232B2-A471-4920-B6FD-377162CDBF3A}.Debug|Any CPU.ActiveCfg = Debug|Any CPU
		{56A232B2-A471-4920-B6FD-377162CDBF3A}.Debug|Any CPU.Build.0 = Debug|Any CPU
		{56A232B2-A471-4920-B6FD-377162CDBF3A}.Release|Any CPU.ActiveCfg = Release|Any CPU
		{56A232B2-A471-4920-B6FD-377162CDBF3A}.Release|Any CPU.Build.0 = Release|Any CPU
	EndGlobalSection
	GlobalSection(SolutionProperties) = preSolution
		HideSolutionNode = FALSE
	EndGlobalSection
	GlobalSection(ExtensibilityGlobals) = postSolution
		SolutionGuid = {F2DDE7D5-4844-441A-B767-CAEB415C606F}
	EndGlobalSection
EndGlobal
